// !$*UTF8*$!
{
	archiveVersion = 1;
	classes = {
	};
	objectVersion = 55;
	objects = {

/* Begin PBXBuildFile section */
		907CCAB628091EB30058600D /* TipCalculatorAppApp.swift in Sources */ = {isa = PBXBuildFile; fileRef = 907CCAA628091EB20058600D /* TipCalculatorAppApp.swift */; };
		907CCAB728091EB30058600D /* TipCalculatorAppApp.swift in Sources */ = {isa = PBXBuildFile; fileRef = 907CCAA628091EB20058600D /* TipCalculatorAppApp.swift */; };
		907CCAB828091EB30058600D /* ContentView.swift in Sources */ = {isa = PBXBuildFile; fileRef = 907CCAA728091EB20058600D /* ContentView.swift */; };
		907CCAB928091EB30058600D /* ContentView.swift in Sources */ = {isa = PBXBuildFile; fileRef = 907CCAA728091EB20058600D /* ContentView.swift */; };
		907CCABA28091EB30058600D /* Assets.xcassets in Resources */ = {isa = PBXBuildFile; fileRef = 907CCAA828091EB30058600D /* Assets.xcassets */; };
		907CCABB28091EB30058600D /* Assets.xcassets in Resources */ = {isa = PBXBuildFile; fileRef = 907CCAA828091EB30058600D /* Assets.xcassets */; };
		907CCAC8280920C20058600D /* BackgroundView.swift in Sources */ = {isa = PBXBuildFile; fileRef = 907CCAC7280920C20058600D /* BackgroundView.swift */; };
		907CCACA280921030058600D /* LogoView.swift in Sources */ = {isa = PBXBuildFile; fileRef = 907CCAC9280921030058600D /* LogoView.swift */; };
		907CCACC2809216E0058600D /* CalculatorView.swift in Sources */ = {isa = PBXBuildFile; fileRef = 907CCACB2809216E0058600D /* CalculatorView.swift */; };
		907CCACE280921BC0058600D /* BillView.swift in Sources */ = {isa = PBXBuildFile; fileRef = 907CCACD280921BC0058600D /* BillView.swift */; };
		907CCAD02809233E0058600D /* Utilities.swift in Sources */ = {isa = PBXBuildFile; fileRef = 907CCACF2809233E0058600D /* Utilities.swift */; };
		907CCAD2280AA4400058600D /* TipSelectionView.swift in Sources */ = {isa = PBXBuildFile; fileRef = 907CCAD1280AA4400058600D /* TipSelectionView.swift */; };
		907CCAD4280AA4BE0058600D /* TipView.swift in Sources */ = {isa = PBXBuildFile; fileRef = 907CCAD3280AA4BE0058600D /* TipView.swift */; };
		907CCAD6280AA5190058600D /* CustomTipView.swift in Sources */ = {isa = PBXBuildFile; fileRef = 907CCAD5280AA5190058600D /* CustomTipView.swift */; };
		907CCAD8280AAAA80058600D /* NumberOfPeopleView.swift in Sources */ = {isa = PBXBuildFile; fileRef = 907CCAD7280AAAA80058600D /* NumberOfPeopleView.swift */; };
		907CCADA280AAC4F0058600D /* ResultView.swift in Sources */ = {isa = PBXBuildFile; fileRef = 907CCAD9280AAC4F0058600D /* ResultView.swift */; };
		907CCADC280AAC830058600D /* TipAmountView.swift in Sources */ = {isa = PBXBuildFile; fileRef = 907CCADB280AAC830058600D /* TipAmountView.swift */; };
		907CCADE280AAC910058600D /* TotalView.swift in Sources */ = {isa = PBXBuildFile; fileRef = 907CCADD280AAC910058600D /* TotalView.swift */; };
		907CCAE0280AAE4B0058600D /* ResetButtonView.swift in Sources */ = {isa = PBXBuildFile; fileRef = 907CCADF280AAE4B0058600D /* ResetButtonView.swift */; };
/* End PBXBuildFile section */

/* Begin PBXFileReference section */
		907CCAA628091EB20058600D /* TipCalculatorAppApp.swift */ = {isa = PBXFileReference; lastKnownFileType = sourcecode.swift; path = TipCalculatorAppApp.swift; sourceTree = "<group>"; };
		907CCAA728091EB20058600D /* ContentView.swift */ = {isa = PBXFileReference; lastKnownFileType = sourcecode.swift; path = ContentView.swift; sourceTree = "<group>"; };
		907CCAA828091EB30058600D /* Assets.xcassets */ = {isa = PBXFileReference; lastKnownFileType = folder.assetcatalog; path = Assets.xcassets; sourceTree = "<group>"; };
		907CCAAD28091EB30058600D /* Tip Calculator App.app */ = {isa = PBXFileReference; explicitFileType = wrapper.application; includeInIndex = 0; path = "Tip Calculator App.app"; sourceTree = BUILT_PRODUCTS_DIR; };
		907CCAB328091EB30058600D /* Tip Calculator App.app */ = {isa = PBXFileReference; explicitFileType = wrapper.application; includeInIndex = 0; path = "Tip Calculator App.app"; sourceTree = BUILT_PRODUCTS_DIR; };
		907CCAB528091EB30058600D /* macOS.entitlements */ = {isa = PBXFileReference; lastKnownFileType = text.plist.entitlements; path = macOS.entitlements; sourceTree = "<group>"; };
		907CCAC7280920C20058600D /* BackgroundView.swift */ = {isa = PBXFileReference; lastKnownFileType = sourcecode.swift; path = BackgroundView.swift; sourceTree = "<group>"; };
		907CCAC9280921030058600D /* LogoView.swift */ = {isa = PBXFileReference; lastKnownFileType = sourcecode.swift; path = LogoView.swift; sourceTree = "<group>"; };
		907CCACB2809216E0058600D /* CalculatorView.swift */ = {isa = PBXFileReference; lastKnownFileType = sourcecode.swift; path = CalculatorView.swift; sourceTree = "<group>"; };
		907CCACD280921BC0058600D /* BillView.swift */ = {isa = PBXFileReference; lastKnownFileType = sourcecode.swift; path = BillView.swift; sourceTree = "<group>"; };
		907CCACF2809233E0058600D /* Utilities.swift */ = {isa = PBXFileReference; lastKnownFileType = sourcecode.swift; path = Utilities.swift; sourceTree = "<group>"; };
		907CCAD1280AA4400058600D /* TipSelectionView.swift */ = {isa = PBXFileReference; lastKnownFileType = sourcecode.swift; path = TipSelectionView.swift; sourceTree = "<group>"; };
		907CCAD3280AA4BE0058600D /* TipView.swift */ = {isa = PBXFileReference; lastKnownFileType = sourcecode.swift; path = TipView.swift; sourceTree = "<group>"; };
		907CCAD5280AA5190058600D /* CustomTipView.swift */ = {isa = PBXFileReference; lastKnownFileType = sourcecode.swift; path = CustomTipView.swift; sourceTree = "<group>"; };
		907CCAD7280AAAA80058600D /* NumberOfPeopleView.swift */ = {isa = PBXFileReference; lastKnownFileType = sourcecode.swift; path = NumberOfPeopleView.swift; sourceTree = "<group>"; };
		907CCAD9280AAC4F0058600D /* ResultView.swift */ = {isa = PBXFileReference; lastKnownFileType = sourcecode.swift; path = ResultView.swift; sourceTree = "<group>"; };
		907CCADB280AAC830058600D /* TipAmountView.swift */ = {isa = PBXFileReference; lastKnownFileType = sourcecode.swift; path = TipAmountView.swift; sourceTree = "<group>"; };
		907CCADD280AAC910058600D /* TotalView.swift */ = {isa = PBXFileReference; lastKnownFileType = sourcecode.swift; path = TotalView.swift; sourceTree = "<group>"; };
		907CCADF280AAE4B0058600D /* ResetButtonView.swift */ = {isa = PBXFileReference; lastKnownFileType = sourcecode.swift; path = ResetButtonView.swift; sourceTree = "<group>"; };
/* End PBXFileReference section */

/* Begin PBXFrameworksBuildPhase section */
		907CCAAA28091EB30058600D /* Frameworks */ = {
			isa = PBXFrameworksBuildPhase;
			buildActionMask = 2147483647;
			files = (
			);
			runOnlyForDeploymentPostprocessing = 0;
		};
		907CCAB028091EB30058600D /* Frameworks */ = {
			isa = PBXFrameworksBuildPhase;
			buildActionMask = 2147483647;
			files = (
			);
			runOnlyForDeploymentPostprocessing = 0;
		};
/* End PBXFrameworksBuildPhase section */

/* Begin PBXGroup section */
		907CCAA028091EB20058600D = {
			isa = PBXGroup;
			children = (
				907CCAA528091EB20058600D /* Shared */,
				907CCAB428091EB30058600D /* macOS */,
				907CCAAE28091EB30058600D /* Products */,
			);
			sourceTree = "<group>";
		};
		907CCAA528091EB20058600D /* Shared */ = {
			isa = PBXGroup;
			children = (
				907CCAC628091ECE0058600D /* Views */,
				907CCAC528091ECA0058600D /* Models */,
				907CCAC428091EC20058600D /* App */,
			);
			path = Shared;
			sourceTree = "<group>";
		};
		907CCAAE28091EB30058600D /* Products */ = {
			isa = PBXGroup;
			children = (
				907CCAAD28091EB30058600D /* Tip Calculator App.app */,
				907CCAB328091EB30058600D /* Tip Calculator App.app */,
			);
			name = Products;
			sourceTree = "<group>";
		};
		907CCAB428091EB30058600D /* macOS */ = {
			isa = PBXGroup;
			children = (
				907CCAB528091EB30058600D /* macOS.entitlements */,
			);
			path = macOS;
			sourceTree = "<group>";
		};
		907CCAC428091EC20058600D /* App */ = {
			isa = PBXGroup;
			children = (
				907CCAA628091EB20058600D /* TipCalculatorAppApp.swift */,
				907CCAA828091EB30058600D /* Assets.xcassets */,
			);
			path = App;
			sourceTree = "<group>";
		};
		907CCAC528091ECA0058600D /* Models */ = {
			isa = PBXGroup;
			children = (
				907CCACF2809233E0058600D /* Utilities.swift */,
			);
			path = Models;
			sourceTree = "<group>";
		};
		907CCAC628091ECE0058600D /* Views */ = {
			isa = PBXGroup;
			children = (
				907CCAA728091EB20058600D /* ContentView.swift */,
				907CCAC7280920C20058600D /* BackgroundView.swift */,
				907CCAC9280921030058600D /* LogoView.swift */,
				907CCAE1280ACAAB0058600D /* Calculator */,
			);
			path = Views;
			sourceTree = "<group>";
		};
		907CCAE1280ACAAB0058600D /* Calculator */ = {
			isa = PBXGroup;
			children = (
				907CCAE3280ACB150058600D /* Tip */,
				907CCAE2280ACAEE0058600D /* Result */,
				907CCACB2809216E0058600D /* CalculatorView.swift */,
				907CCACD280921BC0058600D /* BillView.swift */,
				907CCAD7280AAAA80058600D /* NumberOfPeopleView.swift */,
			);
			path = Calculator;
			sourceTree = "<group>";
		};
		907CCAE2280ACAEE0058600D /* Result */ = {
			isa = PBXGroup;
			children = (
				907CCAD9280AAC4F0058600D /* ResultView.swift */,
				907CCADB280AAC830058600D /* TipAmountView.swift */,
				907CCADD280AAC910058600D /* TotalView.swift */,
				907CCADF280AAE4B0058600D /* ResetButtonView.swift */,
			);
			path = Result;
			sourceTree = "<group>";
		};
		907CCAE3280ACB150058600D /* Tip */ = {
			isa = PBXGroup;
			children = (
				907CCAD1280AA4400058600D /* TipSelectionView.swift */,
				907CCAD3280AA4BE0058600D /* TipView.swift */,
				907CCAD5280AA5190058600D /* CustomTipView.swift */,
			);
			path = Tip;
			sourceTree = "<group>";
		};
/* End PBXGroup section */

/* Begin PBXNativeTarget section */
		907CCAAC28091EB30058600D /* Tip Calculator App (iOS) */ = {
			isa = PBXNativeTarget;
			buildConfigurationList = 907CCABE28091EB30058600D /* Build configuration list for PBXNativeTarget "Tip Calculator App (iOS)" */;
			buildPhases = (
				907CCAA928091EB30058600D /* Sources */,
				907CCAAA28091EB30058600D /* Frameworks */,
				907CCAAB28091EB30058600D /* Resources */,
			);
			buildRules = (
			);
			dependencies = (
			);
			name = "Tip Calculator App (iOS)";
			productName = "TipCalculatorApp (iOS)";
			productReference = 907CCAAD28091EB30058600D /* Tip Calculator App.app */;
			productType = "com.apple.product-type.application";
		};
		907CCAB228091EB30058600D /* Tip Calculator App (macOS) */ = {
			isa = PBXNativeTarget;
			buildConfigurationList = 907CCAC128091EB30058600D /* Build configuration list for PBXNativeTarget "Tip Calculator App (macOS)" */;
			buildPhases = (
				907CCAAF28091EB30058600D /* Sources */,
				907CCAB028091EB30058600D /* Frameworks */,
				907CCAB128091EB30058600D /* Resources */,
			);
			buildRules = (
			);
			dependencies = (
			);
			name = "Tip Calculator App (macOS)";
			productName = "TipCalculatorApp (macOS)";
			productReference = 907CCAB328091EB30058600D /* Tip Calculator App.app */;
			productType = "com.apple.product-type.application";
		};
/* End PBXNativeTarget section */

/* Begin PBXProject section */
		907CCAA128091EB20058600D /* Project object */ = {
			isa = PBXProject;
			attributes = {
				BuildIndependentTargetsInParallel = 1;
				LastSwiftUpdateCheck = 1330;
				LastUpgradeCheck = 1330;
				TargetAttributes = {
					907CCAAC28091EB30058600D = {
						CreatedOnToolsVersion = 13.3;
					};
					907CCAB228091EB30058600D = {
						CreatedOnToolsVersion = 13.3;
					};
				};
			};
			buildConfigurationList = 907CCAA428091EB20058600D /* Build configuration list for PBXProject "Tip Calculator App" */;
			compatibilityVersion = "Xcode 13.0";
			developmentRegion = en;
			hasScannedForEncodings = 0;
			knownRegions = (
				en,
				Base,
			);
			mainGroup = 907CCAA028091EB20058600D;
			productRefGroup = 907CCAAE28091EB30058600D /* Products */;
			projectDirPath = "";
			projectRoot = "";
			targets = (
				907CCAAC28091EB30058600D /* Tip Calculator App (iOS) */,
				907CCAB228091EB30058600D /* Tip Calculator App (macOS) */,
			);
		};
/* End PBXProject section */

/* Begin PBXResourcesBuildPhase section */
		907CCAAB28091EB30058600D /* Resources */ = {
			isa = PBXResourcesBuildPhase;
			buildActionMask = 2147483647;
			files = (
				907CCABA28091EB30058600D /* Assets.xcassets in Resources */,
			);
			runOnlyForDeploymentPostprocessing = 0;
		};
		907CCAB128091EB30058600D /* Resources */ = {
			isa = PBXResourcesBuildPhase;
			buildActionMask = 2147483647;
			files = (
				907CCABB28091EB30058600D /* Assets.xcassets in Resources */,
			);
			runOnlyForDeploymentPostprocessing = 0;
		};
/* End PBXResourcesBuildPhase section */

/* Begin PBXSourcesBuildPhase section */
		907CCAA928091EB30058600D /* Sources */ = {
			isa = PBXSourcesBuildPhase;
			buildActionMask = 2147483647;
			files = (
				907CCAC8280920C20058600D /* BackgroundView.swift in Sources */,
				907CCACC2809216E0058600D /* CalculatorView.swift in Sources */,
				907CCAD02809233E0058600D /* Utilities.swift in Sources */,
				907CCACA280921030058600D /* LogoView.swift in Sources */,
				907CCAB828091EB30058600D /* ContentView.swift in Sources */,
				907CCADE280AAC910058600D /* TotalView.swift in Sources */,
				907CCADA280AAC4F0058600D /* ResultView.swift in Sources */,
				907CCAD6280AA5190058600D /* CustomTipView.swift in Sources */,
				907CCAB628091EB30058600D /* TipCalculatorAppApp.swift in Sources */,
				907CCACE280921BC0058600D /* BillView.swift in Sources */,
				907CCAD2280AA4400058600D /* TipSelectionView.swift in Sources */,
				907CCAD8280AAAA80058600D /* NumberOfPeopleView.swift in Sources */,
				907CCAD4280AA4BE0058600D /* TipView.swift in Sources */,
				907CCAE0280AAE4B0058600D /* ResetButtonView.swift in Sources */,
				907CCADC280AAC830058600D /* TipAmountView.swift in Sources */,
			);
			runOnlyForDeploymentPostprocessing = 0;
		};
		907CCAAF28091EB30058600D /* Sources */ = {
			isa = PBXSourcesBuildPhase;
			buildActionMask = 2147483647;
			files = (
				907CCAB928091EB30058600D /* ContentView.swift in Sources */,
				907CCAB728091EB30058600D /* TipCalculatorAppApp.swift in Sources */,
			);
			runOnlyForDeploymentPostprocessing = 0;
		};
/* End PBXSourcesBuildPhase section */

/* Begin XCBuildConfiguration section */
		907CCABC28091EB30058600D /* Debug */ = {
			isa = XCBuildConfiguration;
			buildSettings = {
				ALWAYS_SEARCH_USER_PATHS = NO;
				CLANG_ANALYZER_NONNULL = YES;
				CLANG_ANALYZER_NUMBER_OBJECT_CONVERSION = YES_AGGRESSIVE;
				CLANG_CXX_LANGUAGE_STANDARD = "gnu++17";
				CLANG_ENABLE_MODULES = YES;
				CLANG_ENABLE_OBJC_ARC = YES;
				CLANG_ENABLE_OBJC_WEAK = YES;
				CLANG_WARN_BLOCK_CAPTURE_AUTORELEASING = YES;
				CLANG_WARN_BOOL_CONVERSION = YES;
				CLANG_WARN_COMMA = YES;
				CLANG_WARN_CONSTANT_CONVERSION = YES;
				CLANG_WARN_DEPRECATED_OBJC_IMPLEMENTATIONS = YES;
				CLANG_WARN_DIRECT_OBJC_ISA_USAGE = YES_ERROR;
				CLANG_WARN_DOCUMENTATION_COMMENTS = YES;
				CLANG_WARN_EMPTY_BODY = YES;
				CLANG_WARN_ENUM_CONVERSION = YES;
				CLANG_WARN_INFINITE_RECURSION = YES;
				CLANG_WARN_INT_CONVERSION = YES;
				CLANG_WARN_NON_LITERAL_NULL_CONVERSION = YES;
				CLANG_WARN_OBJC_IMPLICIT_RETAIN_SELF = YES;
				CLANG_WARN_OBJC_LITERAL_CONVERSION = YES;
				CLANG_WARN_OBJC_ROOT_CLASS = YES_ERROR;
				CLANG_WARN_QUOTED_INCLUDE_IN_FRAMEWORK_HEADER = YES;
				CLANG_WARN_RANGE_LOOP_ANALYSIS = YES;
				CLANG_WARN_STRICT_PROTOTYPES = YES;
				CLANG_WARN_SUSPICIOUS_MOVE = YES;
				CLANG_WARN_UNGUARDED_AVAILABILITY = YES_AGGRESSIVE;
				CLANG_WARN_UNREACHABLE_CODE = YES;
				CLANG_WARN__DUPLICATE_METHOD_MATCH = YES;
				COPY_PHASE_STRIP = NO;
				DEBUG_INFORMATION_FORMAT = dwarf;
				ENABLE_STRICT_OBJC_MSGSEND = YES;
				ENABLE_TESTABILITY = YES;
				GCC_C_LANGUAGE_STANDARD = gnu11;
				GCC_DYNAMIC_NO_PIC = NO;
				GCC_NO_COMMON_BLOCKS = YES;
				GCC_OPTIMIZATION_LEVEL = 0;
				GCC_PREPROCESSOR_DEFINITIONS = (
					"DEBUG=1",
					"$(inherited)",
				);
				GCC_WARN_64_TO_32_BIT_CONVERSION = YES;
				GCC_WARN_ABOUT_RETURN_TYPE = YES_ERROR;
				GCC_WARN_UNDECLARED_SELECTOR = YES;
				GCC_WARN_UNINITIALIZED_AUTOS = YES_AGGRESSIVE;
				GCC_WARN_UNUSED_FUNCTION = YES;
				GCC_WARN_UNUSED_VARIABLE = YES;
				IPHONEOS_DEPLOYMENT_TARGET = 15.4;
				MACOSX_DEPLOYMENT_TARGET = 12.3;
				MTL_ENABLE_DEBUG_INFO = INCLUDE_SOURCE;
				MTL_FAST_MATH = YES;
				ONLY_ACTIVE_ARCH = YES;
				SWIFT_ACTIVE_COMPILATION_CONDITIONS = DEBUG;
				SWIFT_OPTIMIZATION_LEVEL = "-Onone";
			};
			name = Debug;
		};
		907CCABD28091EB30058600D /* Release */ = {
			isa = XCBuildConfiguration;
			buildSettings = {
				ALWAYS_SEARCH_USER_PATHS = NO;
				CLANG_ANALYZER_NONNULL = YES;
				CLANG_ANALYZER_NUMBER_OBJECT_CONVERSION = YES_AGGRESSIVE;
				CLANG_CXX_LANGUAGE_STANDARD = "gnu++17";
				CLANG_ENABLE_MODULES = YES;
				CLANG_ENABLE_OBJC_ARC = YES;
				CLANG_ENABLE_OBJC_WEAK = YES;
				CLANG_WARN_BLOCK_CAPTURE_AUTORELEASING = YES;
				CLANG_WARN_BOOL_CONVERSION = YES;
				CLANG_WARN_COMMA = YES;
				CLANG_WARN_CONSTANT_CONVERSION = YES;
				CLANG_WARN_DEPRECATED_OBJC_IMPLEMENTATIONS = YES;
				CLANG_WARN_DIRECT_OBJC_ISA_USAGE = YES_ERROR;
				CLANG_WARN_DOCUMENTATION_COMMENTS = YES;
				CLANG_WARN_EMPTY_BODY = YES;
				CLANG_WARN_ENUM_CONVERSION = YES;
				CLANG_WARN_INFINITE_RECURSION = YES;
				CLANG_WARN_INT_CONVERSION = YES;
				CLANG_WARN_NON_LITERAL_NULL_CONVERSION = YES;
				CLANG_WARN_OBJC_IMPLICIT_RETAIN_SELF = YES;
				CLANG_WARN_OBJC_LITERAL_CONVERSION = YES;
				CLANG_WARN_OBJC_ROOT_CLASS = YES_ERROR;
				CLANG_WARN_QUOTED_INCLUDE_IN_FRAMEWORK_HEADER = YES;
				CLANG_WARN_RANGE_LOOP_ANALYSIS = YES;
				CLANG_WARN_STRICT_PROTOTYPES = YES;
				CLANG_WARN_SUSPICIOUS_MOVE = YES;
				CLANG_WARN_UNGUARDED_AVAILABILITY = YES_AGGRESSIVE;
				CLANG_WARN_UNREACHABLE_CODE = YES;
				CLANG_WARN__DUPLICATE_METHOD_MATCH = YES;
				COPY_PHASE_STRIP = NO;
				DEBUG_INFORMATION_FORMAT = "dwarf-with-dsym";
				ENABLE_NS_ASSERTIONS = NO;
				ENABLE_STRICT_OBJC_MSGSEND = YES;
				GCC_C_LANGUAGE_STANDARD = gnu11;
				GCC_NO_COMMON_BLOCKS = YES;
				GCC_WARN_64_TO_32_BIT_CONVERSION = YES;
				GCC_WARN_ABOUT_RETURN_TYPE = YES_ERROR;
				GCC_WARN_UNDECLARED_SELECTOR = YES;
				GCC_WARN_UNINITIALIZED_AUTOS = YES_AGGRESSIVE;
				GCC_WARN_UNUSED_FUNCTION = YES;
				GCC_WARN_UNUSED_VARIABLE = YES;
				IPHONEOS_DEPLOYMENT_TARGET = 15.4;
				MACOSX_DEPLOYMENT_TARGET = 12.3;
				MTL_ENABLE_DEBUG_INFO = NO;
				MTL_FAST_MATH = YES;
				SWIFT_COMPILATION_MODE = wholemodule;
				SWIFT_OPTIMIZATION_LEVEL = "-O";
			};
			name = Release;
		};
		907CCABF28091EB30058600D /* Debug */ = {
			isa = XCBuildConfiguration;
			buildSettings = {
				ASSETCATALOG_COMPILER_APPICON_NAME = AppIcon;
				ASSETCATALOG_COMPILER_GLOBAL_ACCENT_COLOR_NAME = AccentColor;
				CODE_SIGN_STYLE = Automatic;
				CURRENT_PROJECT_VERSION = 1;
				DEVELOPMENT_TEAM = 862P2X6G9G;
				ENABLE_PREVIEWS = YES;
				GENERATE_INFOPLIST_FILE = YES;
				INFOPLIST_KEY_UIApplicationSceneManifest_Generation = YES;
				INFOPLIST_KEY_UIApplicationSupportsIndirectInputEvents = YES;
				INFOPLIST_KEY_UILaunchScreen_Generation = YES;
				INFOPLIST_KEY_UISupportedInterfaceOrientations_iPad = "UIInterfaceOrientationPortrait UIInterfaceOrientationPortraitUpsideDown UIInterfaceOrientationLandscapeLeft UIInterfaceOrientationLandscapeRight";
				INFOPLIST_KEY_UISupportedInterfaceOrientations_iPhone = "UIInterfaceOrientationPortrait UIInterfaceOrientationLandscapeLeft UIInterfaceOrientationLandscapeRight";
				IPHONEOS_DEPLOYMENT_TARGET = 15.4;
				LD_RUNPATH_SEARCH_PATHS = (
					"$(inherited)",
					"@executable_path/Frameworks",
				);
				MARKETING_VERSION = 1.0;
				PRODUCT_BUNDLE_IDENTIFIER = me.kim.jinwook.TipCalculatorApp;
				PRODUCT_NAME = "Tip Calculator App";
				SDKROOT = iphoneos;
				SWIFT_EMIT_LOC_STRINGS = YES;
				SWIFT_VERSION = 5.0;
				TARGETED_DEVICE_FAMILY = "1,2";
			};
			name = Debug;
		};
		907CCAC028091EB30058600D /* Release */ = {
			isa = XCBuildConfiguration;
			buildSettings = {
				ASSETCATALOG_COMPILER_APPICON_NAME = AppIcon;
				ASSETCATALOG_COMPILER_GLOBAL_ACCENT_COLOR_NAME = AccentColor;
				CODE_SIGN_STYLE = Automatic;
				CURRENT_PROJECT_VERSION = 1;
				DEVELOPMENT_TEAM = 862P2X6G9G;
				ENABLE_PREVIEWS = YES;
				GENERATE_INFOPLIST_FILE = YES;
				INFOPLIST_KEY_UIApplicationSceneManifest_Generation = YES;
				INFOPLIST_KEY_UIApplicationSupportsIndirectInputEvents = YES;
				INFOPLIST_KEY_UILaunchScreen_Generation = YES;
				INFOPLIST_KEY_UISupportedInterfaceOrientations_iPad = "UIInterfaceOrientationPortrait UIInterfaceOrientationPortraitUpsideDown UIInterfaceOrientationLandscapeLeft UIInterfaceOrientationLandscapeRight";
				INFOPLIST_KEY_UISupportedInterfaceOrientations_iPhone = "UIInterfaceOrientationPortrait UIInterfaceOrientationLandscapeLeft UIInterfaceOrientationLandscapeRight";
				IPHONEOS_DEPLOYMENT_TARGET = 15.4;
				LD_RUNPATH_SEARCH_PATHS = (
					"$(inherited)",
					"@executable_path/Frameworks",
				);
				MARKETING_VERSION = 1.0;
				PRODUCT_BUNDLE_IDENTIFIER = me.kim.jinwook.TipCalculatorApp;
				PRODUCT_NAME = "Tip Calculator App";
				SDKROOT = iphoneos;
				SWIFT_EMIT_LOC_STRINGS = YES;
				SWIFT_VERSION = 5.0;
				TARGETED_DEVICE_FAMILY = "1,2";
				VALIDATE_PRODUCT = YES;
			};
			name = Release;
		};
		907CCAC228091EB30058600D /* Debug */ = {
			isa = XCBuildConfiguration;
			buildSettings = {
				ASSETCATALOG_COMPILER_APPICON_NAME = AppIcon;
				ASSETCATALOG_COMPILER_GLOBAL_ACCENT_COLOR_NAME = AccentColor;
				CODE_SIGN_ENTITLEMENTS = macOS/macOS.entitlements;
				CODE_SIGN_STYLE = Automatic;
				COMBINE_HIDPI_IMAGES = YES;
				CURRENT_PROJECT_VERSION = 1;
				DEVELOPMENT_TEAM = 862P2X6G9G;
				ENABLE_HARDENED_RUNTIME = YES;
				ENABLE_PREVIEWS = YES;
				GENERATE_INFOPLIST_FILE = YES;
				INFOPLIST_KEY_NSHumanReadableCopyright = "";
				LD_RUNPATH_SEARCH_PATHS = (
					"$(inherited)",
					"@executable_path/../Frameworks",
				);
				MACOSX_DEPLOYMENT_TARGET = 12.3;
				MARKETING_VERSION = 1.0;
				PRODUCT_BUNDLE_IDENTIFIER = me.kim.jinwook.TipCalculatorApp;
				PRODUCT_NAME = "Tip Calculator App";
				SDKROOT = macosx;
				SWIFT_EMIT_LOC_STRINGS = YES;
				SWIFT_VERSION = 5.0;
			};
			name = Debug;
		};
		907CCAC328091EB30058600D /* Release */ = {
			isa = XCBuildConfiguration;
			buildSettings = {
				ASSETCATALOG_COMPILER_APPICON_NAME = AppIcon;
				ASSETCATALOG_COMPILER_GLOBAL_ACCENT_COLOR_NAME = AccentColor;
				CODE_SIGN_ENTITLEMENTS = macOS/macOS.entitlements;
				CODE_SIGN_STYLE = Automatic;
				COMBINE_HIDPI_IMAGES = YES;
				CURRENT_PROJECT_VERSION = 1;
				DEVELOPMENT_TEAM = 862P2X6G9G;
				ENABLE_HARDENED_RUNTIME = YES;
				ENABLE_PREVIEWS = YES;
				GENERATE_INFOPLIST_FILE = YES;
				INFOPLIST_KEY_NSHumanReadableCopyright = "";
				LD_RUNPATH_SEARCH_PATHS = (
					"$(inherited)",
					"@executable_path/../Frameworks",
				);
				MACOSX_DEPLOYMENT_TARGET = 12.3;
				MARKETING_VERSION = 1.0;
				PRODUCT_BUNDLE_IDENTIFIER = me.kim.jinwook.TipCalculatorApp;
				PRODUCT_NAME = "Tip Calculator App";
				SDKROOT = macosx;
				SWIFT_EMIT_LOC_STRINGS = YES;
				SWIFT_VERSION = 5.0;
			};
			name = Release;
		};
/* End XCBuildConfiguration section */

/* Begin XCConfigurationList section */
		907CCAA428091EB20058600D /* Build configuration list for PBXProject "Tip Calculator App" */ = {
			isa = XCConfigurationList;
			buildConfigurations = (
				907CCABC28091EB30058600D /* Debug */,
				907CCABD28091EB30058600D /* Release */,
			);
			defaultConfigurationIsVisible = 0;
			defaultConfigurationName = Release;
		};
		907CCABE28091EB30058600D /* Build configuration list for PBXNativeTarget "Tip Calculator App (iOS)" */ = {
			isa = XCConfigurationList;
			buildConfigurations = (
				907CCABF28091EB30058600D /* Debug */,
				907CCAC028091EB30058600D /* Release */,
			);
			defaultConfigurationIsVisible = 0;
			defaultConfigurationName = Release;
		};
		907CCAC128091EB30058600D /* Build configuration list for PBXNativeTarget "Tip Calculator App (macOS)" */ = {
			isa = XCConfigurationList;
			buildConfigurations = (
				907CCAC228091EB30058600D /* Debug */,
				907CCAC328091EB30058600D /* Release */,
			);
			defaultConfigurationIsVisible = 0;
			defaultConfigurationName = Release;
		};
/* End XCConfigurationList section */
	};
	rootObject = 907CCAA128091EB20058600D /* Project object */;
}
